
Microsoft Visual Studio Solution File, Format Version 12.00
# Visual Studio 15
VisualStudioVersion = 15.0.28010.2003
MinimumVisualStudioVersion = 10.0.40219.1
Project("{FAE04EC0-301F-11D3-BF4B-00C04F79EFBC}") = "WebApplication1", "WebApplication1\WebApplication1.csproj", "{C5F6B589-85EC-42BB-858C-50C6BDC8BB64}"
EndProject
Global
	GlobalSection(SolutionConfigurationPlatforms) = preSolution
		Debug|Any CPU = Debug|Any CPU
		Release|Any CPU = Release|Any CPU
	EndGlobalSection
	GlobalSection(ProjectConfigurationPlatforms) = postSolution
		{C5F6B589-85EC-42BB-858C-50C6BDC8BB64}.Debug|Any CPU.ActiveCfg = Debug|Any CPU
		{C5F6B589-85EC-42BB-858C-50C6BDC8BB64}.Debug|Any CPU.Build.0 = Debug|Any CPU
		{C5F6B589-85EC-42BB-858C-50C6BDC8BB64}.Release|Any CPU.ActiveCfg = Release|Any CPU
		{C5F6B589-85EC-42BB-858C-50C6BDC8BB64}.Release|Any CPU.Build.0 = Release|Any CPU
	EndGlobalSection
	GlobalSection(SolutionProperties) = preSolution
		HideSolutionNode = FALSE
	EndGlobalSection
	GlobalSection(ExtensibilityGlobals) = postSolution
		SolutionGuid = {06F2A593-EC0E-4B2D-9262-92054EE70F3D}
	EndGlobalSection
EndGlobal
